PODS:
  - CocoaLumberjack (2.3.0):
    - CocoaLumberjack/Default (= 2.3.0)
    - CocoaLumberjack/Extensions (= 2.3.0)
  - CocoaLumberjack/Core (2.3.0)
  - CocoaLumberjack/Default (2.3.0):
    - CocoaLumberjack/Core
  - CocoaLumberjack/Extensions (2.3.0):
    - CocoaLumberjack/Default

DEPENDENCIES:
  - CocoaLumberjack

SPEC CHECKSUMS:
  CocoaLumberjack: 97fab7ee5f507fe54445cca7ea80f926729cfd15

PODFILE CHECKSUM: 9731bdf0a3dcd9dbe0e5a57c51b903f931c17043

COCOAPODS: 1.0.0
